// !$*UTF8*$!
{
	archiveVersion = 1;
	classes = {
	};
	objectVersion = 50;
	objects = {

/* Begin PBXBuildFile section */
		896F0AC683E47CEE0800C7AD /* Pods_Waffer.framework in Frameworks */ = {isa = PBXBuildFile; fileRef = D3C16380B7A05A43BEE9E643 /* Pods_Waffer.framework */; };
		A40D069121E0639A0035B28E /* ChatLogController.swift in Sources */ = {isa = PBXBuildFile; fileRef = A40D069021E0639A0035B28E /* ChatLogController.swift */; };
		A40D069321E306080035B28E /* ChatLogCell.swift in Sources */ = {isa = PBXBuildFile; fileRef = A40D069221E306080035B28E /* ChatLogCell.swift */; };
		A40D069521E30EB50035B28E /* Message.swift in Sources */ = {isa = PBXBuildFile; fileRef = A40D069421E30EB50035B28E /* Message.swift */; };
		A40D069721E46A4A0035B28E /* MessagesController.swift in Sources */ = {isa = PBXBuildFile; fileRef = A40D069621E46A4A0035B28E /* MessagesController.swift */; };
		A40D069921E471990035B28E /* MessagesCell.swift in Sources */ = {isa = PBXBuildFile; fileRef = A40D069821E471990035B28E /* MessagesCell.swift */; };
		A4141367219763FC0051A469 /* HomePostCell.swift in Sources */ = {isa = PBXBuildFile; fileRef = A4141366219763FC0051A469 /* HomePostCell.swift */; };
		A414136A21976C320051A469 /* CustomImageView.swift in Sources */ = {isa = PBXBuildFile; fileRef = A414136921976C320051A469 /* CustomImageView.swift */; };
		A41554D521B77FB4000C6471 /* CategoryFilter.swift in Sources */ = {isa = PBXBuildFile; fileRef = A41554D421B77FB4000C6471 /* CategoryFilter.swift */; };
		A41554D721B79D3C000C6471 /* CategoryFilterCell.swift in Sources */ = {isa = PBXBuildFile; fileRef = A41554D621B79D3C000C6471 /* CategoryFilterCell.swift */; };
		A417FFC521AA2B0C00C588B0 /* Extensions.swift in Sources */ = {isa = PBXBuildFile; fileRef = A417FFC421AA2B0C00C588B0 /* Extensions.swift */; };
		A417FFC721AA4A6400C588B0 /* PresentAdsController.swift in Sources */ = {isa = PBXBuildFile; fileRef = A417FFC621AA4A6400C588B0 /* PresentAdsController.swift */; };
		A4387D1F21953EAC008FE9BC /* Post.swift in Sources */ = {isa = PBXBuildFile; fileRef = A4387D1E21953EAC008FE9BC /* Post.swift */; };
		A4387D21219542DD008FE9BC /* UserProfilePhotoCell.swift in Sources */ = {isa = PBXBuildFile; fileRef = A4387D20219542DD008FE9BC /* UserProfilePhotoCell.swift */; };
		A43A562B2196AC7900C123E4 /* FirebaseUtils.swift in Sources */ = {isa = PBXBuildFile; fileRef = A43A562A2196AC7800C123E4 /* FirebaseUtils.swift */; };
		A445E361218A138700125F69 /* PreviewPhotoContainerView.swift in Sources */ = {isa = PBXBuildFile; fileRef = A445E360218A138700125F69 /* PreviewPhotoContainerView.swift */; };
		A4AF9C70218004F1001B527B /* CustomTabBarController.swift in Sources */ = {isa = PBXBuildFile; fileRef = A4AF9C6F218004F1001B527B /* CustomTabBarController.swift */; };
		A4AF9C72218020EF001B527B /* CameraViewController.swift in Sources */ = {isa = PBXBuildFile; fileRef = A4AF9C71218020EF001B527B /* CameraViewController.swift */; };
		A4AF9C742180FDF4001B527B /* AdPostingViewController.swift in Sources */ = {isa = PBXBuildFile; fileRef = A4AF9C732180FDF4001B527B /* AdPostingViewController.swift */; };
		A4B1D5C521A5269800D26042 /* User.swift in Sources */ = {isa = PBXBuildFile; fileRef = A4B1D5C421A5269800D26042 /* User.swift */; };
		C52AD45F21E52E8A00022C72 /* VerticalMenuLauncher.swift in Sources */ = {isa = PBXBuildFile; fileRef = C52AD45E21E52E8A00022C72 /* VerticalMenuLauncher.swift */; };
		C52AD46321E5425900022C72 /* VerticalMenuCell.swift in Sources */ = {isa = PBXBuildFile; fileRef = C52AD46221E5425900022C72 /* VerticalMenuCell.swift */; };
		C5595B7A217EA48B002E3A19 /* AppDelegate.swift in Sources */ = {isa = PBXBuildFile; fileRef = C5595B79217EA48B002E3A19 /* AppDelegate.swift */; };
		C5595B7C217EA48B002E3A19 /* HomeController.swift in Sources */ = {isa = PBXBuildFile; fileRef = C5595B7B217EA48B002E3A19 /* HomeController.swift */; };
		C5595B7F217EA48B002E3A19 /* Main.storyboard in Resources */ = {isa = PBXBuildFile; fileRef = C5595B7D217EA48B002E3A19 /* Main.storyboard */; };
		C5595B81217EA497002E3A19 /* Assets.xcassets in Resources */ = {isa = PBXBuildFile; fileRef = C5595B80217EA497002E3A19 /* Assets.xcassets */; };
		C5595B84217EA497002E3A19 /* LaunchScreen.storyboard in Resources */ = {isa = PBXBuildFile; fileRef = C5595B82217EA497002E3A19 /* LaunchScreen.storyboard */; };
		C5595B8C217EA5EB002E3A19 /* GoogleService-Info.plist in Resources */ = {isa = PBXBuildFile; fileRef = C5595B8B217EA5EB002E3A19 /* GoogleService-Info.plist */; };
		C5595B8F217EAAE6002E3A19 /* LoginController.swift in Sources */ = {isa = PBXBuildFile; fileRef = C5595B8E217EAAE6002E3A19 /* LoginController.swift */; };
		C5595B932184DDBE002E3A19 /* UserProfileController.swift in Sources */ = {isa = PBXBuildFile; fileRef = C5595B922184DDBE002E3A19 /* UserProfileController.swift */; };
		C5595B972184FF2E002E3A19 /* UserProfileHeader.swift in Sources */ = {isa = PBXBuildFile; fileRef = C5595B962184FF2E002E3A19 /* UserProfileHeader.swift */; };
		C5595B9A21892C4D002E3A19 /* CameraTabView.swift in Sources */ = {isa = PBXBuildFile; fileRef = C5595B9921892C4C002E3A19 /* CameraTabView.swift */; };
/* End PBXBuildFile section */

/* Begin PBXFileReference section */
		6090E237292391A518ED78E6 /* Pods-Waffer.release.xcconfig */ = {isa = PBXFileReference; includeInIndex = 1; lastKnownFileType = text.xcconfig; name = "Pods-Waffer.release.xcconfig"; path = "Pods/Target Support Files/Pods-Waffer/Pods-Waffer.release.xcconfig"; sourceTree = "<group>"; };
		A40D069021E0639A0035B28E /* ChatLogController.swift */ = {isa = PBXFileReference; lastKnownFileType = sourcecode.swift; path = ChatLogController.swift; sourceTree = "<group>"; };
		A40D069221E306080035B28E /* ChatLogCell.swift */ = {isa = PBXFileReference; lastKnownFileType = sourcecode.swift; path = ChatLogCell.swift; sourceTree = "<group>"; };
		A40D069421E30EB50035B28E /* Message.swift */ = {isa = PBXFileReference; lastKnownFileType = sourcecode.swift; path = Message.swift; sourceTree = "<group>"; };
		A40D069621E46A4A0035B28E /* MessagesController.swift */ = {isa = PBXFileReference; lastKnownFileType = sourcecode.swift; path = MessagesController.swift; sourceTree = "<group>"; };
		A40D069821E471990035B28E /* MessagesCell.swift */ = {isa = PBXFileReference; lastKnownFileType = sourcecode.swift; path = MessagesCell.swift; sourceTree = "<group>"; };
		A4141366219763FC0051A469 /* HomePostCell.swift */ = {isa = PBXFileReference; lastKnownFileType = sourcecode.swift; path = HomePostCell.swift; sourceTree = "<group>"; };
		A414136921976C320051A469 /* CustomImageView.swift */ = {isa = PBXFileReference; lastKnownFileType = sourcecode.swift; path = CustomImageView.swift; sourceTree = "<group>"; };
		A41554D421B77FB4000C6471 /* CategoryFilter.swift */ = {isa = PBXFileReference; lastKnownFileType = sourcecode.swift; path = CategoryFilter.swift; sourceTree = "<group>"; };
		A41554D621B79D3C000C6471 /* CategoryFilterCell.swift */ = {isa = PBXFileReference; lastKnownFileType = sourcecode.swift; path = CategoryFilterCell.swift; sourceTree = "<group>"; };
		A417FFC421AA2B0C00C588B0 /* Extensions.swift */ = {isa = PBXFileReference; lastKnownFileType = sourcecode.swift; path = Extensions.swift; sourceTree = "<group>"; };
		A417FFC621AA4A6400C588B0 /* PresentAdsController.swift */ = {isa = PBXFileReference; lastKnownFileType = sourcecode.swift; path = PresentAdsController.swift; sourceTree = "<group>"; };
		A4387D1E21953EAC008FE9BC /* Post.swift */ = {isa = PBXFileReference; lastKnownFileType = sourcecode.swift; path = Post.swift; sourceTree = "<group>"; };
		A4387D20219542DD008FE9BC /* UserProfilePhotoCell.swift */ = {isa = PBXFileReference; lastKnownFileType = sourcecode.swift; path = UserProfilePhotoCell.swift; sourceTree = "<group>"; };
		A43A562A2196AC7800C123E4 /* FirebaseUtils.swift */ = {isa = PBXFileReference; lastKnownFileType = sourcecode.swift; path = FirebaseUtils.swift; sourceTree = "<group>"; };
		A445E360218A138700125F69 /* PreviewPhotoContainerView.swift */ = {isa = PBXFileReference; lastKnownFileType = sourcecode.swift; path = PreviewPhotoContainerView.swift; sourceTree = "<group>"; };
		A4AF9C6F218004F1001B527B /* CustomTabBarController.swift */ = {isa = PBXFileReference; lastKnownFileType = sourcecode.swift; path = CustomTabBarController.swift; sourceTree = "<group>"; };
		A4AF9C71218020EF001B527B /* CameraViewController.swift */ = {isa = PBXFileReference; lastKnownFileType = sourcecode.swift; path = CameraViewController.swift; sourceTree = "<group>"; };
		A4AF9C732180FDF4001B527B /* AdPostingViewController.swift */ = {isa = PBXFileReference; lastKnownFileType = sourcecode.swift; path = AdPostingViewController.swift; sourceTree = "<group>"; };
		A4B1D5C421A5269800D26042 /* User.swift */ = {isa = PBXFileReference; lastKnownFileType = sourcecode.swift; path = User.swift; sourceTree = "<group>"; };
		C52AD45E21E52E8A00022C72 /* VerticalMenuLauncher.swift */ = {isa = PBXFileReference; lastKnownFileType = sourcecode.swift; path = VerticalMenuLauncher.swift; sourceTree = "<group>"; };
		C52AD46221E5425900022C72 /* VerticalMenuCell.swift */ = {isa = PBXFileReference; lastKnownFileType = sourcecode.swift; path = VerticalMenuCell.swift; sourceTree = "<group>"; };
		C5595B76217EA48A002E3A19 /* Waffer.app */ = {isa = PBXFileReference; explicitFileType = wrapper.application; includeInIndex = 0; path = Waffer.app; sourceTree = BUILT_PRODUCTS_DIR; };
		C5595B79217EA48B002E3A19 /* AppDelegate.swift */ = {isa = PBXFileReference; lastKnownFileType = sourcecode.swift; path = AppDelegate.swift; sourceTree = "<group>"; };
		C5595B7B217EA48B002E3A19 /* HomeController.swift */ = {isa = PBXFileReference; lastKnownFileType = sourcecode.swift; path = HomeController.swift; sourceTree = "<group>"; };
		C5595B7E217EA48B002E3A19 /* Base */ = {isa = PBXFileReference; lastKnownFileType = file.storyboard; name = Base; path = Base.lproj/Main.storyboard; sourceTree = "<group>"; };
		C5595B80217EA497002E3A19 /* Assets.xcassets */ = {isa = PBXFileReference; lastKnownFileType = folder.assetcatalog; path = Assets.xcassets; sourceTree = "<group>"; };
		C5595B83217EA497002E3A19 /* Base */ = {isa = PBXFileReference; lastKnownFileType = file.storyboard; name = Base; path = Base.lproj/LaunchScreen.storyboard; sourceTree = "<group>"; };
		C5595B85217EA497002E3A19 /* Info.plist */ = {isa = PBXFileReference; lastKnownFileType = text.plist.xml; path = Info.plist; sourceTree = "<group>"; };
		C5595B8B217EA5EB002E3A19 /* GoogleService-Info.plist */ = {isa = PBXFileReference; fileEncoding = 4; lastKnownFileType = text.plist.xml; path = "GoogleService-Info.plist"; sourceTree = "<group>"; };
		C5595B8E217EAAE6002E3A19 /* LoginController.swift */ = {isa = PBXFileReference; lastKnownFileType = sourcecode.swift; path = LoginController.swift; sourceTree = "<group>"; };
		C5595B922184DDBE002E3A19 /* UserProfileController.swift */ = {isa = PBXFileReference; lastKnownFileType = sourcecode.swift; path = UserProfileController.swift; sourceTree = "<group>"; };
		C5595B962184FF2E002E3A19 /* UserProfileHeader.swift */ = {isa = PBXFileReference; lastKnownFileType = sourcecode.swift; path = UserProfileHeader.swift; sourceTree = "<group>"; };
		C5595B9921892C4C002E3A19 /* CameraTabView.swift */ = {isa = PBXFileReference; lastKnownFileType = sourcecode.swift; path = CameraTabView.swift; sourceTree = "<group>"; };
		C8EB3AC35FE4B06E875C7471 /* Pods-Waffer.debug.xcconfig */ = {isa = PBXFileReference; includeInIndex = 1; lastKnownFileType = text.xcconfig; name = "Pods-Waffer.debug.xcconfig"; path = "Pods/Target Support Files/Pods-Waffer/Pods-Waffer.debug.xcconfig"; sourceTree = "<group>"; };
		D3C16380B7A05A43BEE9E643 /* Pods_Waffer.framework */ = {isa = PBXFileReference; explicitFileType = wrapper.framework; includeInIndex = 0; path = Pods_Waffer.framework; sourceTree = BUILT_PRODUCTS_DIR; };
/* End PBXFileReference section */

/* Begin PBXFrameworksBuildPhase section */
		C5595B73217EA48A002E3A19 /* Frameworks */ = {
			isa = PBXFrameworksBuildPhase;
			buildActionMask = 2147483647;
			files = (
				896F0AC683E47CEE0800C7AD /* Pods_Waffer.framework in Frameworks */,
			);
			runOnlyForDeploymentPostprocessing = 0;
		};
/* End PBXFrameworksBuildPhase section */

/* Begin PBXGroup section */
		27CB2B4518058AB0B7F143ED /* Frameworks */ = {
			isa = PBXGroup;
			children = (
				D3C16380B7A05A43BEE9E643 /* Pods_Waffer.framework */,
			);
			name = Frameworks;
			sourceTree = "<group>";
		};
		A41413632197554A0051A469 /* Home */ = {
			isa = PBXGroup;
			children = (
				C5595B7B217EA48B002E3A19 /* HomeController.swift */,
				A4141366219763FC0051A469 /* HomePostCell.swift */,
				A41554D421B77FB4000C6471 /* CategoryFilter.swift */,
				A41554D621B79D3C000C6471 /* CategoryFilterCell.swift */,
			);
			path = Home;
			sourceTree = "<group>";
		};
		A414136821976C040051A469 /* Utils */ = {
			isa = PBXGroup;
			children = (
				A414136921976C320051A469 /* CustomImageView.swift */,
				A43A562A2196AC7800C123E4 /* FirebaseUtils.swift */,
				A417FFC421AA2B0C00C588B0 /* Extensions.swift */,
			);
			path = Utils;
			sourceTree = "<group>";
		};
		A4387D1D21953E8E008FE9BC /* Models */ = {
			isa = PBXGroup;
			children = (
				A4387D1E21953EAC008FE9BC /* Post.swift */,
				A4B1D5C421A5269800D26042 /* User.swift */,
				A40D069421E30EB50035B28E /* Message.swift */,
			);
			path = Models;
			sourceTree = "<group>";
		};
		A493EA4321DAA15000EF2923 /* Message */ = {
			isa = PBXGroup;
			children = (
				A40D069021E0639A0035B28E /* ChatLogController.swift */,
				A40D069221E306080035B28E /* ChatLogCell.swift */,
				A40D069621E46A4A0035B28E /* MessagesController.swift */,
				A40D069821E471990035B28E /* MessagesCell.swift */,
			);
			path = Message;
			sourceTree = "<group>";
		};
		C52AD45D21E519CF00022C72 /* Ads */ = {
			isa = PBXGroup;
			children = (
				C52AD45E21E52E8A00022C72 /* VerticalMenuLauncher.swift */,
				A417FFC621AA4A6400C588B0 /* PresentAdsController.swift */,
				C52AD46221E5425900022C72 /* VerticalMenuCell.swift */,
			);
			path = Ads;
			sourceTree = "<group>";
		};
		C5595B6D217EA48A002E3A19 = {
			isa = PBXGroup;
			children = (
				C5595B78217EA48A002E3A19 /* Waffer */,
				C5595B77217EA48A002E3A19 /* Products */,
				D58FAFCA8E0C654CC4639A69 /* Pods */,
				27CB2B4518058AB0B7F143ED /* Frameworks */,
			);
			sourceTree = "<group>";
		};
		C5595B77217EA48A002E3A19 /* Products */ = {
			isa = PBXGroup;
			children = (
				C5595B76217EA48A002E3A19 /* Waffer.app */,
			);
			name = Products;
			sourceTree = "<group>";
		};
		C5595B78217EA48A002E3A19 /* Waffer */ = {
			isa = PBXGroup;
			children = (
				C52AD45D21E519CF00022C72 /* Ads */,
				A493EA4321DAA15000EF2923 /* Message */,
				A414136821976C040051A469 /* Utils */,
				A41413632197554A0051A469 /* Home */,
				A4387D1D21953E8E008FE9BC /* Models */,
				C5595B9821892057002E3A19 /* Camera */,
				C5595B952184FEE8002E3A19 /* UserProfile */,
				C5595B8D217EA9D2002E3A19 /* Controller */,
				C5595B79217EA48B002E3A19 /* AppDelegate.swift */,
				C5595B7D217EA48B002E3A19 /* Main.storyboard */,
				C5595B80217EA497002E3A19 /* Assets.xcassets */,
				C5595B82217EA497002E3A19 /* LaunchScreen.storyboard */,
				C5595B85217EA497002E3A19 /* Info.plist */,
				C5595B8B217EA5EB002E3A19 /* GoogleService-Info.plist */,
			);
			path = Waffer;
			sourceTree = "<group>";
		};
		C5595B8D217EA9D2002E3A19 /* Controller */ = {
			isa = PBXGroup;
			children = (
				C5595B8E217EAAE6002E3A19 /* LoginController.swift */,
				A4AF9C6F218004F1001B527B /* CustomTabBarController.swift */,
				A4AF9C732180FDF4001B527B /* AdPostingViewController.swift */,
			);
			path = Controller;
			sourceTree = "<group>";
		};
		C5595B952184FEE8002E3A19 /* UserProfile */ = {
			isa = PBXGroup;
			children = (
				C5595B922184DDBE002E3A19 /* UserProfileController.swift */,
				C5595B962184FF2E002E3A19 /* UserProfileHeader.swift */,
				A4387D20219542DD008FE9BC /* UserProfilePhotoCell.swift */,
			);
			path = UserProfile;
			sourceTree = "<group>";
		};
		C5595B9821892057002E3A19 /* Camera */ = {
			isa = PBXGroup;
			children = (
				A4AF9C71218020EF001B527B /* CameraViewController.swift */,
				C5595B9921892C4C002E3A19 /* CameraTabView.swift */,
				A445E360218A138700125F69 /* PreviewPhotoContainerView.swift */,
			);
			path = Camera;
			sourceTree = "<group>";
		};
		D58FAFCA8E0C654CC4639A69 /* Pods */ = {
			isa = PBXGroup;
			children = (
				C8EB3AC35FE4B06E875C7471 /* Pods-Waffer.debug.xcconfig */,
				6090E237292391A518ED78E6 /* Pods-Waffer.release.xcconfig */,
			);
			name = Pods;
			sourceTree = "<group>";
		};
/* End PBXGroup section */

/* Begin PBXNativeTarget section */
		C5595B75217EA48A002E3A19 /* Waffer */ = {
			isa = PBXNativeTarget;
			buildConfigurationList = C5595B88217EA497002E3A19 /* Build configuration list for PBXNativeTarget "Waffer" */;
			buildPhases = (
				9EDD0B520CEC27B494954E80 /* [CP] Check Pods Manifest.lock */,
				C5595B72217EA48A002E3A19 /* Sources */,
				C5595B73217EA48A002E3A19 /* Frameworks */,
				C5595B74217EA48A002E3A19 /* Resources */,
				4DA4D2205DE4BD79DF2FD0D5 /* [CP] Embed Pods Frameworks */,
			);
			buildRules = (
			);
			dependencies = (
			);
			name = Waffer;
			productName = Waffer;
			productReference = C5595B76217EA48A002E3A19 /* Waffer.app */;
			productType = "com.apple.product-type.application";
		};
/* End PBXNativeTarget section */

/* Begin PBXProject section */
		C5595B6E217EA48A002E3A19 /* Project object */ = {
			isa = PBXProject;
			attributes = {
				LastSwiftUpdateCheck = 1000;
				LastUpgradeCheck = 1000;
				ORGANIZATIONNAME = "Batool Alsumaeel";
				TargetAttributes = {
					C5595B75217EA48A002E3A19 = {
						CreatedOnToolsVersion = 10.0;
					};
				};
			};
			buildConfigurationList = C5595B71217EA48A002E3A19 /* Build configuration list for PBXProject "Waffer" */;
			compatibilityVersion = "Xcode 9.3";
			developmentRegion = en;
			hasScannedForEncodings = 0;
			knownRegions = (
				en,
				Base,
			);
			mainGroup = C5595B6D217EA48A002E3A19;
			productRefGroup = C5595B77217EA48A002E3A19 /* Products */;
			projectDirPath = "";
			projectRoot = "";
			targets = (
				C5595B75217EA48A002E3A19 /* Waffer */,
			);
		};
/* End PBXProject section */

/* Begin PBXResourcesBuildPhase section */
		C5595B74217EA48A002E3A19 /* Resources */ = {
			isa = PBXResourcesBuildPhase;
			buildActionMask = 2147483647;
			files = (
				C5595B84217EA497002E3A19 /* LaunchScreen.storyboard in Resources */,
				C5595B8C217EA5EB002E3A19 /* GoogleService-Info.plist in Resources */,
				C5595B81217EA497002E3A19 /* Assets.xcassets in Resources */,
				C5595B7F217EA48B002E3A19 /* Main.storyboard in Resources */,
			);
			runOnlyForDeploymentPostprocessing = 0;
		};
/* End PBXResourcesBuildPhase section */

/* Begin PBXShellScriptBuildPhase section */
		4DA4D2205DE4BD79DF2FD0D5 /* [CP] Embed Pods Frameworks */ = {
			isa = PBXShellScriptBuildPhase;
			buildActionMask = 2147483647;
			files = (
			);
			inputFileListPaths = (
			);
			inputPaths = (
				"${SRCROOT}/Pods/Target Support Files/Pods-Waffer/Pods-Waffer-frameworks.sh",
				"${BUILT_PRODUCTS_DIR}/GTMSessionFetcher/GTMSessionFetcher.framework",
				"${BUILT_PRODUCTS_DIR}/GoogleUtilities/GoogleUtilities.framework",
				"${BUILT_PRODUCTS_DIR}/leveldb-library/leveldb.framework",
				"${BUILT_PRODUCTS_DIR}/nanopb/nanopb.framework",
			);
			name = "[CP] Embed Pods Frameworks";
			outputFileListPaths = (
			);
			outputPaths = (
				"${TARGET_BUILD_DIR}/${FRAMEWORKS_FOLDER_PATH}/GTMSessionFetcher.framework",
				"${TARGET_BUILD_DIR}/${FRAMEWORKS_FOLDER_PATH}/GoogleUtilities.framework",
				"${TARGET_BUILD_DIR}/${FRAMEWORKS_FOLDER_PATH}/leveldb.framework",
				"${TARGET_BUILD_DIR}/${FRAMEWORKS_FOLDER_PATH}/nanopb.framework",
			);
			runOnlyForDeploymentPostprocessing = 0;
			shellPath = /bin/sh;
			shellScript = "\"${SRCROOT}/Pods/Target Support Files/Pods-Waffer/Pods-Waffer-frameworks.sh\"\n";
			showEnvVarsInLog = 0;
		};
		9EDD0B520CEC27B494954E80 /* [CP] Check Pods Manifest.lock */ = {
			isa = PBXShellScriptBuildPhase;
			buildActionMask = 2147483647;
			files = (
			);
			inputFileListPaths = (
			);
			inputPaths = (
				"${PODS_PODFILE_DIR_PATH}/Podfile.lock",
				"${PODS_ROOT}/Manifest.lock",
			);
			name = "[CP] Check Pods Manifest.lock";
			outputFileListPaths = (
			);
			outputPaths = (
				"$(DERIVED_FILE_DIR)/Pods-Waffer-checkManifestLockResult.txt",
			);
			runOnlyForDeploymentPostprocessing = 0;
			shellPath = /bin/sh;
			shellScript = "diff \"${PODS_PODFILE_DIR_PATH}/Podfile.lock\" \"${PODS_ROOT}/Manifest.lock\" > /dev/null\nif [ $? != 0 ] ; then\n    # print error to STDERR\n    echo \"error: The sandbox is not in sync with the Podfile.lock. Run 'pod install' or update your CocoaPods installation.\" >&2\n    exit 1\nfi\n# This output is used by Xcode 'outputs' to avoid re-running this script phase.\necho \"SUCCESS\" > \"${SCRIPT_OUTPUT_FILE_0}\"\n";
			showEnvVarsInLog = 0;
		};
/* End PBXShellScriptBuildPhase section */

/* Begin PBXSourcesBuildPhase section */
		C5595B72217EA48A002E3A19 /* Sources */ = {
			isa = PBXSourcesBuildPhase;
			buildActionMask = 2147483647;
			files = (
				C5595B9A21892C4D002E3A19 /* CameraTabView.swift in Sources */,
				A4387D1F21953EAC008FE9BC /* Post.swift in Sources */,
				C5595B7C217EA48B002E3A19 /* HomeController.swift in Sources */,
				A40D069121E0639A0035B28E /* ChatLogController.swift in Sources */,
				A41554D721B79D3C000C6471 /* CategoryFilterCell.swift in Sources */,
				A4AF9C72218020EF001B527B /* CameraViewController.swift in Sources */,
				A41554D521B77FB4000C6471 /* CategoryFilter.swift in Sources */,
				A4B1D5C521A5269800D26042 /* User.swift in Sources */,
				A414136A21976C320051A469 /* CustomImageView.swift in Sources */,
				A40D069921E471990035B28E /* MessagesCell.swift in Sources */,
				A4AF9C742180FDF4001B527B /* AdPostingViewController.swift in Sources */,
				C5595B972184FF2E002E3A19 /* UserProfileHeader.swift in Sources */,
				C5595B8F217EAAE6002E3A19 /* LoginController.swift in Sources */,
				A445E361218A138700125F69 /* PreviewPhotoContainerView.swift in Sources */,
				C5595B932184DDBE002E3A19 /* UserProfileController.swift in Sources */,
				A43A562B2196AC7900C123E4 /* FirebaseUtils.swift in Sources */,
				C52AD45F21E52E8A00022C72 /* VerticalMenuLauncher.swift in Sources */,
				A4141367219763FC0051A469 /* HomePostCell.swift in Sources */,
				A4AF9C70218004F1001B527B /* CustomTabBarController.swift in Sources */,
				C52AD46321E5425900022C72 /* VerticalMenuCell.swift in Sources */,
				A40D069521E30EB50035B28E /* Message.swift in Sources */,
				A417FFC721AA4A6400C588B0 /* PresentAdsController.swift in Sources */,
				A40D069321E306080035B28E /* ChatLogCell.swift in Sources */,
				A417FFC521AA2B0C00C588B0 /* Extensions.swift in Sources */,
				C5595B7A217EA48B002E3A19 /* AppDelegate.swift in Sources */,
				A4387D21219542DD008FE9BC /* UserProfilePhotoCell.swift in Sources */,
				A40D069721E46A4A0035B28E /* MessagesController.swift in Sources */,
			);
			runOnlyForDeploymentPostprocessing = 0;
		};
/* End PBXSourcesBuildPhase section */

/* Begin PBXVariantGroup section */
		C5595B7D217EA48B002E3A19 /* Main.storyboard */ = {
			isa = PBXVariantGroup;
			children = (
				C5595B7E217EA48B002E3A19 /* Base */,
			);
			name = Main.storyboard;
			sourceTree = "<group>";
		};
		C5595B82217EA497002E3A19 /* LaunchScreen.storyboard */ = {
			isa = PBXVariantGroup;
			children = (
				C5595B83217EA497002E3A19 /* Base */,
			);
			name = LaunchScreen.storyboard;
			sourceTree = "<group>";
		};
/* End PBXVariantGroup section */

/* Begin XCBuildConfiguration section */
		C5595B86217EA497002E3A19 /* Debug */ = {
			isa = XCBuildConfiguration;
			buildSettings = {
				ALWAYS_SEARCH_USER_PATHS = NO;
				CLANG_ANALYZER_NONNULL = YES;
				CLANG_ANALYZER_NUMBER_OBJECT_CONVERSION = YES_AGGRESSIVE;
				CLANG_CXX_LANGUAGE_STANDARD = "gnu++14";
				CLANG_CXX_LIBRARY = "libc++";
				CLANG_ENABLE_MODULES = YES;
				CLANG_ENABLE_OBJC_ARC = YES;
				CLANG_ENABLE_OBJC_WEAK = YES;
				CLANG_WARN_BLOCK_CAPTURE_AUTORELEASING = YES;
				CLANG_WARN_BOOL_CONVERSION = YES;
				CLANG_WARN_COMMA = YES;
				CLANG_WARN_CONSTANT_CONVERSION = YES;
				CLANG_WARN_DEPRECATED_OBJC_IMPLEMENTATIONS = YES;
				CLANG_WARN_DIRECT_OBJC_ISA_USAGE = YES_ERROR;
				CLANG_WARN_DOCUMENTATION_COMMENTS = YES;
				CLANG_WARN_EMPTY_BODY = YES;
				CLANG_WARN_ENUM_CONVERSION = YES;
				CLANG_WARN_INFINITE_RECURSION = YES;
				CLANG_WARN_INT_CONVERSION = YES;
				CLANG_WARN_NON_LITERAL_NULL_CONVERSION = YES;
				CLANG_WARN_OBJC_IMPLICIT_RETAIN_SELF = YES;
				CLANG_WARN_OBJC_LITERAL_CONVERSION = YES;
				CLANG_WARN_OBJC_ROOT_CLASS = YES_ERROR;
				CLANG_WARN_RANGE_LOOP_ANALYSIS = YES;
				CLANG_WARN_STRICT_PROTOTYPES = YES;
				CLANG_WARN_SUSPICIOUS_MOVE = YES;
				CLANG_WARN_UNGUARDED_AVAILABILITY = YES_AGGRESSIVE;
				CLANG_WARN_UNREACHABLE_CODE = YES;
				CLANG_WARN__DUPLICATE_METHOD_MATCH = YES;
				CODE_SIGN_IDENTITY = "iPhone Developer";
				COPY_PHASE_STRIP = NO;
				DEBUG_INFORMATION_FORMAT = dwarf;
				ENABLE_STRICT_OBJC_MSGSEND = YES;
				ENABLE_TESTABILITY = YES;
				GCC_C_LANGUAGE_STANDARD = gnu11;
				GCC_DYNAMIC_NO_PIC = NO;
				GCC_NO_COMMON_BLOCKS = YES;
				GCC_OPTIMIZATION_LEVEL = 0;
				GCC_PREPROCESSOR_DEFINITIONS = (
					"DEBUG=1",
					"$(inherited)",
				);
				GCC_WARN_64_TO_32_BIT_CONVERSION = YES;
				GCC_WARN_ABOUT_RETURN_TYPE = YES_ERROR;
				GCC_WARN_UNDECLARED_SELECTOR = YES;
				GCC_WARN_UNINITIALIZED_AUTOS = YES_AGGRESSIVE;
				GCC_WARN_UNUSED_FUNCTION = YES;
				GCC_WARN_UNUSED_VARIABLE = YES;
				IPHONEOS_DEPLOYMENT_TARGET = 12.0;
				MTL_ENABLE_DEBUG_INFO = INCLUDE_SOURCE;
				MTL_FAST_MATH = YES;
				ONLY_ACTIVE_ARCH = YES;
				SDKROOT = iphoneos;
				SWIFT_ACTIVE_COMPILATION_CONDITIONS = DEBUG;
				SWIFT_OPTIMIZATION_LEVEL = "-Onone";
			};
			name = Debug;
		};
		C5595B87217EA497002E3A19 /* Release */ = {
			isa = XCBuildConfiguration;
			buildSettings = {
				ALWAYS_SEARCH_USER_PATHS = NO;
				CLANG_ANALYZER_NONNULL = YES;
				CLANG_ANALYZER_NUMBER_OBJECT_CONVERSION = YES_AGGRESSIVE;
				CLANG_CXX_LANGUAGE_STANDARD = "gnu++14";
				CLANG_CXX_LIBRARY = "libc++";
				CLANG_ENABLE_MODULES = YES;
				CLANG_ENABLE_OBJC_ARC = YES;
				CLANG_ENABLE_OBJC_WEAK = YES;
				CLANG_WARN_BLOCK_CAPTURE_AUTORELEASING = YES;
				CLANG_WARN_BOOL_CONVERSION = YES;
				CLANG_WARN_COMMA = YES;
				CLANG_WARN_CONSTANT_CONVERSION = YES;
				CLANG_WARN_DEPRECATED_OBJC_IMPLEMENTATIONS = YES;
				CLANG_WARN_DIRECT_OBJC_ISA_USAGE = YES_ERROR;
				CLANG_WARN_DOCUMENTATION_COMMENTS = YES;
				CLANG_WARN_EMPTY_BODY = YES;
				CLANG_WARN_ENUM_CONVERSION = YES;
				CLANG_WARN_INFINITE_RECURSION = YES;
				CLANG_WARN_INT_CONVERSION = YES;
				CLANG_WARN_NON_LITERAL_NULL_CONVERSION = YES;
				CLANG_WARN_OBJC_IMPLICIT_RETAIN_SELF = YES;
				CLANG_WARN_OBJC_LITERAL_CONVERSION = YES;
				CLANG_WARN_OBJC_ROOT_CLASS = YES_ERROR;
				CLANG_WARN_RANGE_LOOP_ANALYSIS = YES;
				CLANG_WARN_STRICT_PROTOTYPES = YES;
				CLANG_WARN_SUSPICIOUS_MOVE = YES;
				CLANG_WARN_UNGUARDED_AVAILABILITY = YES_AGGRESSIVE;
				CLANG_WARN_UNREACHABLE_CODE = YES;
				CLANG_WARN__DUPLICATE_METHOD_MATCH = YES;
				CODE_SIGN_IDENTITY = "iPhone Developer";
				COPY_PHASE_STRIP = NO;
				DEBUG_INFORMATION_FORMAT = "dwarf-with-dsym";
				ENABLE_NS_ASSERTIONS = NO;
				ENABLE_STRICT_OBJC_MSGSEND = YES;
				GCC_C_LANGUAGE_STANDARD = gnu11;
				GCC_NO_COMMON_BLOCKS = YES;
				GCC_WARN_64_TO_32_BIT_CONVERSION = YES;
				GCC_WARN_ABOUT_RETURN_TYPE = YES_ERROR;
				GCC_WARN_UNDECLARED_SELECTOR = YES;
				GCC_WARN_UNINITIALIZED_AUTOS = YES_AGGRESSIVE;
				GCC_WARN_UNUSED_FUNCTION = YES;
				GCC_WARN_UNUSED_VARIABLE = YES;
				IPHONEOS_DEPLOYMENT_TARGET = 12.0;
				MTL_ENABLE_DEBUG_INFO = NO;
				MTL_FAST_MATH = YES;
				SDKROOT = iphoneos;
				SWIFT_COMPILATION_MODE = wholemodule;
				SWIFT_OPTIMIZATION_LEVEL = "-O";
				VALIDATE_PRODUCT = YES;
			};
			name = Release;
		};
		C5595B89217EA497002E3A19 /* Debug */ = {
			isa = XCBuildConfiguration;
			baseConfigurationReference = C8EB3AC35FE4B06E875C7471 /* Pods-Waffer.debug.xcconfig */;
			buildSettings = {
				ASSETCATALOG_COMPILER_APPICON_NAME = AppIcon;
				CODE_SIGN_IDENTITY = "iPhone Developer";
				CODE_SIGN_STYLE = Automatic;
				DEVELOPMENT_TEAM = 28F6B47AD8;
				INFOPLIST_FILE = Waffer/Info.plist;
				LD_RUNPATH_SEARCH_PATHS = (
					"$(inherited)",
					"@executable_path/Frameworks",
				);
				PRODUCT_BUNDLE_IDENTIFIER = waffer.Waffer;
				PRODUCT_NAME = "$(TARGET_NAME)";
				PROVISIONING_PROFILE_SPECIFIER = "";
				SWIFT_VERSION = 4.2;
				TARGETED_DEVICE_FAMILY = "1,2";
			};
			name = Debug;
		};
		C5595B8A217EA497002E3A19 /* Release */ = {
			isa = XCBuildConfiguration;
			baseConfigurationReference = 6090E237292391A518ED78E6 /* Pods-Waffer.release.xcconfig */;
			buildSettings = {
				ASSETCATALOG_COMPILER_APPICON_NAME = AppIcon;
				CODE_SIGN_IDENTITY = "iPhone Developer";
				CODE_SIGN_STYLE = Automatic;
				DEVELOPMENT_TEAM = 28F6B47AD8;
				INFOPLIST_FILE = Waffer/Info.plist;
				LD_RUNPATH_SEARCH_PATHS = (
					"$(inherited)",
					"@executable_path/Frameworks",
				);
				PRODUCT_BUNDLE_IDENTIFIER = waffer.Waffer;
				PRODUCT_NAME = "$(TARGET_NAME)";
				PROVISIONING_PROFILE_SPECIFIER = "";
				SWIFT_VERSION = 4.2;
				TARGETED_DEVICE_FAMILY = "1,2";
			};
			name = Release;
		};
/* End XCBuildConfiguration section */

/* Begin XCConfigurationList section */
		C5595B71217EA48A002E3A19 /* Build configuration list for PBXProject "Waffer" */ = {
			isa = XCConfigurationList;
			buildConfigurations = (
				C5595B86217EA497002E3A19 /* Debug */,
				C5595B87217EA497002E3A19 /* Release */,
			);
			defaultConfigurationIsVisible = 0;
			defaultConfigurationName = Release;
		};
		C5595B88217EA497002E3A19 /* Build configuration list for PBXNativeTarget "Waffer" */ = {
			isa = XCConfigurationList;
			buildConfigurations = (
				C5595B89217EA497002E3A19 /* Debug */,
				C5595B8A217EA497002E3A19 /* Release */,
			);
			defaultConfigurationIsVisible = 0;
			defaultConfigurationName = Release;
		};
/* End XCConfigurationList section */
	};
	rootObject = C5595B6E217EA48A002E3A19 /* Project object */;
}
